// !$*UTF8*$!
{
	archiveVersion = 1;
	classes = {
	};
	objectVersion = 50;
	objects = {

/* Begin PBXBuildFile section */
		194876642178F052584E03B6 /* Pods_DeveloperTests.framework in Frameworks */ = {isa = PBXBuildFile; fileRef = 2C632083F2BF11F96F0F4728 /* Pods_DeveloperTests.framework */; };
		3BF2A40722410DC300CFB862 /* AppDelegate.swift in Sources */ = {isa = PBXBuildFile; fileRef = 3BF2A40622410DC300CFB862 /* AppDelegate.swift */; };
		3BF2A40922410DC300CFB862 /* ViewController.swift in Sources */ = {isa = PBXBuildFile; fileRef = 3BF2A40822410DC300CFB862 /* ViewController.swift */; };
		3BF2A40C22410DC300CFB862 /* Main.storyboard in Resources */ = {isa = PBXBuildFile; fileRef = 3BF2A40A22410DC300CFB862 /* Main.storyboard */; };
		3BF2A40E22410DC600CFB862 /* Assets.xcassets in Resources */ = {isa = PBXBuildFile; fileRef = 3BF2A40D22410DC600CFB862 /* Assets.xcassets */; };
		3BF2A41122410DC600CFB862 /* LaunchScreen.storyboard in Resources */ = {isa = PBXBuildFile; fileRef = 3BF2A40F22410DC600CFB862 /* LaunchScreen.storyboard */; };
		3BF2A41C22410DC800CFB862 /* DeveloperTests.swift in Sources */ = {isa = PBXBuildFile; fileRef = 3BF2A41B22410DC800CFB862 /* DeveloperTests.swift */; };
		3BF2A42722410DC800CFB862 /* DeveloperUITests.swift in Sources */ = {isa = PBXBuildFile; fileRef = 3BF2A42622410DC800CFB862 /* DeveloperUITests.swift */; };
		3BF2A4452241121F00CFB862 /* Login.swift in Sources */ = {isa = PBXBuildFile; fileRef = 3BF2A4432241121F00CFB862 /* Login.swift */; };
		3BF2A44822411A3300CFB862 /* UsuarioDao.swift in Sources */ = {isa = PBXBuildFile; fileRef = 3BF2A44722411A3300CFB862 /* UsuarioDao.swift */; };
		3BF2A44C22411CCE00CFB862 /* DAO.swift in Sources */ = {isa = PBXBuildFile; fileRef = 3BF2A44B22411CCE00CFB862 /* DAO.swift */; };
		3BF2A44E22411ED900CFB862 /* ILoginView.swift in Sources */ = {isa = PBXBuildFile; fileRef = 3BF2A44D22411ED900CFB862 /* ILoginView.swift */; };
		3BF2A450224120AD00CFB862 /* LoginPresenter.swift in Sources */ = {isa = PBXBuildFile; fileRef = 3BF2A44F224120AD00CFB862 /* LoginPresenter.swift */; };
		3BF2A4522241223500CFB862 /* ILoginService.swift in Sources */ = {isa = PBXBuildFile; fileRef = 3BF2A4512241223500CFB862 /* ILoginService.swift */; };
		3BF2A4542241229400CFB862 /* LoginService.swift in Sources */ = {isa = PBXBuildFile; fileRef = 3BF2A4532241229400CFB862 /* LoginService.swift */; };
		3BF2A45722412F8800CFB862 /* Home.swift in Sources */ = {isa = PBXBuildFile; fileRef = 3BF2A45622412F8800CFB862 /* Home.swift */; };
		3E96452B8314BB42312D0C96 /* Pods_DeveloperUITests.framework in Frameworks */ = {isa = PBXBuildFile; fileRef = BA1CFC87E66C3840B0B654EE /* Pods_DeveloperUITests.framework */; };
		731ED87F225AAE9D00EC3159 /* ServiceResponse.swift in Sources */ = {isa = PBXBuildFile; fileRef = 731ED87E225AAE9D00EC3159 /* ServiceResponse.swift */; };
		73925D4E22515EDD00D269C1 /* Constants.swift in Sources */ = {isa = PBXBuildFile; fileRef = 73925D4D22515EDD00D269C1 /* Constants.swift */; };
		73925D5022515F2200D269C1 /* ApiRouter.swift in Sources */ = {isa = PBXBuildFile; fileRef = 73925D4F22515F2200D269C1 /* ApiRouter.swift */; };
		73925D5222515F9700D269C1 /* ApiError.swift in Sources */ = {isa = PBXBuildFile; fileRef = 73925D5122515F9700D269C1 /* ApiError.swift */; };
		73925D5422515FCA00D269C1 /* ApiClient.swift in Sources */ = {isa = PBXBuildFile; fileRef = 73925D5322515FCA00D269C1 /* ApiClient.swift */; };
		73BF9035227F4F5900B046DF /* ILoginPresenter.swift in Sources */ = {isa = PBXBuildFile; fileRef = 73BF9034227F4F5900B046DF /* ILoginPresenter.swift */; };
		73D5681F22877DE200435107 /* Post.swift in Sources */ = {isa = PBXBuildFile; fileRef = 73D5681D22877DE200435107 /* Post.swift */; };
		73D5682022877DE200435107 /* Usuario.swift in Sources */ = {isa = PBXBuildFile; fileRef = 73D5681E22877DE200435107 /* Usuario.swift */; };
		A2AED9E2B308543B49F1E33A /* Pods_Developer.framework in Frameworks */ = {isa = PBXBuildFile; fileRef = 0D8788954AFB2931FE23A134 /* Pods_Developer.framework */; };
/* End PBXBuildFile section */

/* Begin PBXContainerItemProxy section */
		3BF2A41822410DC800CFB862 /* PBXContainerItemProxy */ = {
			isa = PBXContainerItemProxy;
			containerPortal = 3BF2A3FB22410DC200CFB862 /* Project object */;
			proxyType = 1;
			remoteGlobalIDString = 3BF2A40222410DC200CFB862;
			remoteInfo = Developer;
		};
		3BF2A42322410DC800CFB862 /* PBXContainerItemProxy */ = {
			isa = PBXContainerItemProxy;
			containerPortal = 3BF2A3FB22410DC200CFB862 /* Project object */;
			proxyType = 1;
			remoteGlobalIDString = 3BF2A40222410DC200CFB862;
			remoteInfo = Developer;
		};
/* End PBXContainerItemProxy section */

/* Begin PBXFileReference section */
		01C862AED483BBFF30711FA1 /* Pods-DeveloperUITests.release.xcconfig */ = {isa = PBXFileReference; includeInIndex = 1; lastKnownFileType = text.xcconfig; name = "Pods-DeveloperUITests.release.xcconfig"; path = "Target Support Files/Pods-DeveloperUITests/Pods-DeveloperUITests.release.xcconfig"; sourceTree = "<group>"; };
		0D8788954AFB2931FE23A134 /* Pods_Developer.framework */ = {isa = PBXFileReference; explicitFileType = wrapper.framework; includeInIndex = 0; path = Pods_Developer.framework; sourceTree = BUILT_PRODUCTS_DIR; };
		18976161562C6024A0BD0191 /* Pods-DeveloperTests.debug.xcconfig */ = {isa = PBXFileReference; includeInIndex = 1; lastKnownFileType = text.xcconfig; name = "Pods-DeveloperTests.debug.xcconfig"; path = "Target Support Files/Pods-DeveloperTests/Pods-DeveloperTests.debug.xcconfig"; sourceTree = "<group>"; };
		2C632083F2BF11F96F0F4728 /* Pods_DeveloperTests.framework */ = {isa = PBXFileReference; explicitFileType = wrapper.framework; includeInIndex = 0; path = Pods_DeveloperTests.framework; sourceTree = BUILT_PRODUCTS_DIR; };
		3BF2A40322410DC200CFB862 /* Developer.app */ = {isa = PBXFileReference; explicitFileType = wrapper.application; includeInIndex = 0; path = Developer.app; sourceTree = BUILT_PRODUCTS_DIR; };
		3BF2A40622410DC300CFB862 /* AppDelegate.swift */ = {isa = PBXFileReference; lastKnownFileType = sourcecode.swift; path = AppDelegate.swift; sourceTree = "<group>"; };
		3BF2A40822410DC300CFB862 /* ViewController.swift */ = {isa = PBXFileReference; lastKnownFileType = sourcecode.swift; path = ViewController.swift; sourceTree = "<group>"; };
		3BF2A40B22410DC300CFB862 /* Base */ = {isa = PBXFileReference; lastKnownFileType = file.storyboard; name = Base; path = Base.lproj/Main.storyboard; sourceTree = "<group>"; };
		3BF2A40D22410DC600CFB862 /* Assets.xcassets */ = {isa = PBXFileReference; lastKnownFileType = folder.assetcatalog; path = Assets.xcassets; sourceTree = "<group>"; };
		3BF2A41022410DC600CFB862 /* Base */ = {isa = PBXFileReference; lastKnownFileType = file.storyboard; name = Base; path = Base.lproj/LaunchScreen.storyboard; sourceTree = "<group>"; };
		3BF2A41222410DC600CFB862 /* Info.plist */ = {isa = PBXFileReference; lastKnownFileType = text.plist.xml; path = Info.plist; sourceTree = "<group>"; };
		3BF2A41722410DC800CFB862 /* DeveloperTests.xctest */ = {isa = PBXFileReference; explicitFileType = wrapper.cfbundle; includeInIndex = 0; path = DeveloperTests.xctest; sourceTree = BUILT_PRODUCTS_DIR; };
		3BF2A41B22410DC800CFB862 /* DeveloperTests.swift */ = {isa = PBXFileReference; lastKnownFileType = sourcecode.swift; path = DeveloperTests.swift; sourceTree = "<group>"; };
		3BF2A41D22410DC800CFB862 /* Info.plist */ = {isa = PBXFileReference; lastKnownFileType = text.plist.xml; path = Info.plist; sourceTree = "<group>"; };
		3BF2A42222410DC800CFB862 /* DeveloperUITests.xctest */ = {isa = PBXFileReference; explicitFileType = wrapper.cfbundle; includeInIndex = 0; path = DeveloperUITests.xctest; sourceTree = BUILT_PRODUCTS_DIR; };
		3BF2A42622410DC800CFB862 /* DeveloperUITests.swift */ = {isa = PBXFileReference; lastKnownFileType = sourcecode.swift; path = DeveloperUITests.swift; sourceTree = "<group>"; };
		3BF2A42822410DC800CFB862 /* Info.plist */ = {isa = PBXFileReference; lastKnownFileType = text.plist.xml; path = Info.plist; sourceTree = "<group>"; };
		3BF2A4432241121F00CFB862 /* Login.swift */ = {isa = PBXFileReference; lastKnownFileType = sourcecode.swift; path = Login.swift; sourceTree = "<group>"; };
		3BF2A44722411A3300CFB862 /* UsuarioDao.swift */ = {isa = PBXFileReference; lastKnownFileType = sourcecode.swift; path = UsuarioDao.swift; sourceTree = "<group>"; };
		3BF2A44B22411CCE00CFB862 /* DAO.swift */ = {isa = PBXFileReference; lastKnownFileType = sourcecode.swift; path = DAO.swift; sourceTree = "<group>"; };
		3BF2A44D22411ED900CFB862 /* ILoginView.swift */ = {isa = PBXFileReference; lastKnownFileType = sourcecode.swift; path = ILoginView.swift; sourceTree = "<group>"; };
		3BF2A44F224120AD00CFB862 /* LoginPresenter.swift */ = {isa = PBXFileReference; lastKnownFileType = sourcecode.swift; path = LoginPresenter.swift; sourceTree = "<group>"; };
		3BF2A4512241223500CFB862 /* ILoginService.swift */ = {isa = PBXFileReference; lastKnownFileType = sourcecode.swift; path = ILoginService.swift; sourceTree = "<group>"; };
		3BF2A4532241229400CFB862 /* LoginService.swift */ = {isa = PBXFileReference; lastKnownFileType = sourcecode.swift; path = LoginService.swift; sourceTree = "<group>"; };
		3BF2A45622412F8800CFB862 /* Home.swift */ = {isa = PBXFileReference; lastKnownFileType = sourcecode.swift; path = Home.swift; sourceTree = "<group>"; };
		53533574F8725D074178B3ED /* Pods-Developer.debug.xcconfig */ = {isa = PBXFileReference; includeInIndex = 1; lastKnownFileType = text.xcconfig; name = "Pods-Developer.debug.xcconfig"; path = "Target Support Files/Pods-Developer/Pods-Developer.debug.xcconfig"; sourceTree = "<group>"; };
		6C94416659F2A1BAD830FE6D /* Pods-DeveloperTests.release.xcconfig */ = {isa = PBXFileReference; includeInIndex = 1; lastKnownFileType = text.xcconfig; name = "Pods-DeveloperTests.release.xcconfig"; path = "Target Support Files/Pods-DeveloperTests/Pods-DeveloperTests.release.xcconfig"; sourceTree = "<group>"; };
		731ED87E225AAE9D00EC3159 /* ServiceResponse.swift */ = {isa = PBXFileReference; lastKnownFileType = sourcecode.swift; path = ServiceResponse.swift; sourceTree = "<group>"; };
		73925D4D22515EDD00D269C1 /* Constants.swift */ = {isa = PBXFileReference; lastKnownFileType = sourcecode.swift; path = Constants.swift; sourceTree = "<group>"; };
		73925D4F22515F2200D269C1 /* ApiRouter.swift */ = {isa = PBXFileReference; lastKnownFileType = sourcecode.swift; path = ApiRouter.swift; sourceTree = "<group>"; };
		73925D5122515F9700D269C1 /* ApiError.swift */ = {isa = PBXFileReference; lastKnownFileType = sourcecode.swift; path = ApiError.swift; sourceTree = "<group>"; };
		73925D5322515FCA00D269C1 /* ApiClient.swift */ = {isa = PBXFileReference; lastKnownFileType = sourcecode.swift; path = ApiClient.swift; sourceTree = "<group>"; };
		73BF9034227F4F5900B046DF /* ILoginPresenter.swift */ = {isa = PBXFileReference; lastKnownFileType = sourcecode.swift; path = ILoginPresenter.swift; sourceTree = "<group>"; };
		73D5681D22877DE200435107 /* Post.swift */ = {isa = PBXFileReference; fileEncoding = 4; lastKnownFileType = sourcecode.swift; path = Post.swift; sourceTree = "<group>"; };
		73D5681E22877DE200435107 /* Usuario.swift */ = {isa = PBXFileReference; fileEncoding = 4; lastKnownFileType = sourcecode.swift; path = Usuario.swift; sourceTree = "<group>"; };
		9637A7B017AA689C1DC27329 /* Pods-Developer.release.xcconfig */ = {isa = PBXFileReference; includeInIndex = 1; lastKnownFileType = text.xcconfig; name = "Pods-Developer.release.xcconfig"; path = "Target Support Files/Pods-Developer/Pods-Developer.release.xcconfig"; sourceTree = "<group>"; };
		A09191DD0BC99F06FD23F310 /* Pods-DeveloperUITests.debug.xcconfig */ = {isa = PBXFileReference; includeInIndex = 1; lastKnownFileType = text.xcconfig; name = "Pods-DeveloperUITests.debug.xcconfig"; path = "Target Support Files/Pods-DeveloperUITests/Pods-DeveloperUITests.debug.xcconfig"; sourceTree = "<group>"; };
		BA1CFC87E66C3840B0B654EE /* Pods_DeveloperUITests.framework */ = {isa = PBXFileReference; explicitFileType = wrapper.framework; includeInIndex = 0; path = Pods_DeveloperUITests.framework; sourceTree = BUILT_PRODUCTS_DIR; };
/* End PBXFileReference section */

/* Begin PBXFrameworksBuildPhase section */
		3BF2A40022410DC200CFB862 /* Frameworks */ = {
			isa = PBXFrameworksBuildPhase;
			buildActionMask = 2147483647;
			files = (
				A2AED9E2B308543B49F1E33A /* Pods_Developer.framework in Frameworks */,
			);
			runOnlyForDeploymentPostprocessing = 0;
		};
		3BF2A41422410DC800CFB862 /* Frameworks */ = {
			isa = PBXFrameworksBuildPhase;
			buildActionMask = 2147483647;
			files = (
				194876642178F052584E03B6 /* Pods_DeveloperTests.framework in Frameworks */,
			);
			runOnlyForDeploymentPostprocessing = 0;
		};
		3BF2A41F22410DC800CFB862 /* Frameworks */ = {
			isa = PBXFrameworksBuildPhase;
			buildActionMask = 2147483647;
			files = (
				3E96452B8314BB42312D0C96 /* Pods_DeveloperUITests.framework in Frameworks */,
			);
			runOnlyForDeploymentPostprocessing = 0;
		};
/* End PBXFrameworksBuildPhase section */

/* Begin PBXGroup section */
		0488533C7272D308EAC6501C /* Pods */ = {
			isa = PBXGroup;
			children = (
				53533574F8725D074178B3ED /* Pods-Developer.debug.xcconfig */,
				9637A7B017AA689C1DC27329 /* Pods-Developer.release.xcconfig */,
				18976161562C6024A0BD0191 /* Pods-DeveloperTests.debug.xcconfig */,
				6C94416659F2A1BAD830FE6D /* Pods-DeveloperTests.release.xcconfig */,
				A09191DD0BC99F06FD23F310 /* Pods-DeveloperUITests.debug.xcconfig */,
				01C862AED483BBFF30711FA1 /* Pods-DeveloperUITests.release.xcconfig */,
			);
			path = Pods;
			sourceTree = "<group>";
		};
		23B4E3EEAA62188F726485E2 /* Frameworks */ = {
			isa = PBXGroup;
			children = (
				0D8788954AFB2931FE23A134 /* Pods_Developer.framework */,
				2C632083F2BF11F96F0F4728 /* Pods_DeveloperTests.framework */,
				BA1CFC87E66C3840B0B654EE /* Pods_DeveloperUITests.framework */,
			);
			name = Frameworks;
			sourceTree = "<group>";
		};
		3BF2A3FA22410DC200CFB862 = {
			isa = PBXGroup;
			children = (
				3BF2A40522410DC200CFB862 /* Developer */,
				3BF2A41A22410DC800CFB862 /* DeveloperTests */,
				3BF2A42522410DC800CFB862 /* DeveloperUITests */,
				3BF2A40422410DC200CFB862 /* Products */,
				0488533C7272D308EAC6501C /* Pods */,
				23B4E3EEAA62188F726485E2 /* Frameworks */,
			);
			sourceTree = "<group>";
		};
		3BF2A40422410DC200CFB862 /* Products */ = {
			isa = PBXGroup;
			children = (
				3BF2A40322410DC200CFB862 /* Developer.app */,
				3BF2A41722410DC800CFB862 /* DeveloperTests.xctest */,
				3BF2A42222410DC800CFB862 /* DeveloperUITests.xctest */,
			);
			name = Products;
			sourceTree = "<group>";
		};
		3BF2A40522410DC200CFB862 /* Developer */ = {
			isa = PBXGroup;
			children = (
				73D5682922877FAA00435107 /* application */,
				73D5682222877E4400435107 /* infrastructure */,
				3BF2A43722410FE700CFB862 /* domain */,
				3BF2A40622410DC300CFB862 /* AppDelegate.swift */,
				3BF2A40822410DC300CFB862 /* ViewController.swift */,
				3BF2A40A22410DC300CFB862 /* Main.storyboard */,
				3BF2A40D22410DC600CFB862 /* Assets.xcassets */,
				3BF2A40F22410DC600CFB862 /* LaunchScreen.storyboard */,
				3BF2A41222410DC600CFB862 /* Info.plist */,
			);
			path = Developer;
			sourceTree = "<group>";
		};
		3BF2A41A22410DC800CFB862 /* DeveloperTests */ = {
			isa = PBXGroup;
			children = (
				3BF2A41B22410DC800CFB862 /* DeveloperTests.swift */,
				3BF2A41D22410DC800CFB862 /* Info.plist */,
			);
			path = DeveloperTests;
			sourceTree = "<group>";
		};
		3BF2A42522410DC800CFB862 /* DeveloperUITests */ = {
			isa = PBXGroup;
			children = (
				3BF2A42622410DC800CFB862 /* DeveloperUITests.swift */,
				3BF2A42822410DC800CFB862 /* Info.plist */,
			);
			path = DeveloperUITests;
			sourceTree = "<group>";
		};
		3BF2A43722410FE700CFB862 /* domain */ = {
			isa = PBXGroup;
			children = (
				73D5681C22877DE200435107 /* model */,
				3BF2A43822410FF800CFB862 /* dao */,
				3BF2A44B22411CCE00CFB862 /* DAO.swift */,
			);
			path = domain;
			sourceTree = "<group>";
		};
		3BF2A43822410FF800CFB862 /* dao */ = {
			isa = PBXGroup;
			children = (
				3BF2A44722411A3300CFB862 /* UsuarioDao.swift */,
			);
			path = dao;
			sourceTree = "<group>";
		};
		3BF2A43B2241104600CFB862 /* backend */ = {
			isa = PBXGroup;
			children = (
				73925D5122515F9700D269C1 /* ApiError.swift */,
				73925D4F22515F2200D269C1 /* ApiRouter.swift */,
				73925D5322515FCA00D269C1 /* ApiClient.swift */,
				731ED87E225AAE9D00EC3159 /* ServiceResponse.swift */,
			);
			path = backend;
			sourceTree = "<group>";
		};
		7354AB0C2288C6020015A9BD /* helper */ = {
			isa = PBXGroup;
			children = (
			);
			path = helper;
			sourceTree = "<group>";
		};
		73D5681C22877DE200435107 /* model */ = {
			isa = PBXGroup;
			children = (
				73D5681D22877DE200435107 /* Post.swift */,
				73D5681E22877DE200435107 /* Usuario.swift */,
			);
			path = model;
			sourceTree = "<group>";
		};
		73D5682222877E4400435107 /* infrastructure */ = {
			isa = PBXGroup;
			children = (
				7354AB0C2288C6020015A9BD /* helper */,
				73925D4D22515EDD00D269C1 /* Constants.swift */,
				3BF2A43B2241104600CFB862 /* backend */,
			);
			path = infrastructure;
			sourceTree = "<group>";
		};
		73D5682922877FAA00435107 /* application */ = {
			isa = PBXGroup;
			children = (
				73D5682E2287800500435107 /* ui */,
				73D5682C22877FD000435107 /* service */,
			);
			path = application;
			sourceTree = "<group>";
		};
		73D5682C22877FD000435107 /* service */ = {
			isa = PBXGroup;
			children = (
				73D5682D22877FDB00435107 /* login */,
			);
			path = service;
			sourceTree = "<group>";
		};
		73D5682D22877FDB00435107 /* login */ = {
			isa = PBXGroup;
			children = (
				3BF2A44F224120AD00CFB862 /* LoginPresenter.swift */,
				3BF2A4512241223500CFB862 /* ILoginService.swift */,
				3BF2A4532241229400CFB862 /* LoginService.swift */,
				73BF9034227F4F5900B046DF /* ILoginPresenter.swift */,
			);
			path = login;
			sourceTree = "<group>";
		};
		73D5682E2287800500435107 /* ui */ = {
			isa = PBXGroup;
			children = (
				73D568302287801500435107 /* home */,
				73D5682F2287800E00435107 /* login */,
			);
			path = ui;
			sourceTree = "<group>";
		};
		73D5682F2287800E00435107 /* login */ = {
			isa = PBXGroup;
			children = (
				3BF2A44D22411ED900CFB862 /* ILoginView.swift */,
				3BF2A4432241121F00CFB862 /* Login.swift */,
			);
			path = login;
			sourceTree = "<group>";
		};
		73D568302287801500435107 /* home */ = {
			isa = PBXGroup;
			children = (
				3BF2A45622412F8800CFB862 /* Home.swift */,
			);
			path = home;
			sourceTree = "<group>";
		};
/* End PBXGroup section */

/* Begin PBXNativeTarget section */
		3BF2A40222410DC200CFB862 /* Developer */ = {
			isa = PBXNativeTarget;
			buildConfigurationList = 3BF2A42B22410DC800CFB862 /* Build configuration list for PBXNativeTarget "Developer" */;
			buildPhases = (
				1A7FA0824A38410AD558062B /* [CP] Check Pods Manifest.lock */,
				3BF2A3FF22410DC200CFB862 /* Sources */,
				3BF2A40022410DC200CFB862 /* Frameworks */,
				3BF2A40122410DC200CFB862 /* Resources */,
				40810387D056151D6EE911A4 /* [CP] Embed Pods Frameworks */,
			);
			buildRules = (
			);
			dependencies = (
			);
			name = Developer;
			productName = Developer;
			productReference = 3BF2A40322410DC200CFB862 /* Developer.app */;
			productType = "com.apple.product-type.application";
		};
		3BF2A41622410DC800CFB862 /* DeveloperTests */ = {
			isa = PBXNativeTarget;
			buildConfigurationList = 3BF2A42E22410DC800CFB862 /* Build configuration list for PBXNativeTarget "DeveloperTests" */;
			buildPhases = (
				19AD43A09A0625E4DA0ECF49 /* [CP] Check Pods Manifest.lock */,
				3BF2A41322410DC800CFB862 /* Sources */,
				3BF2A41422410DC800CFB862 /* Frameworks */,
				3BF2A41522410DC800CFB862 /* Resources */,
			);
			buildRules = (
			);
			dependencies = (
				3BF2A41922410DC800CFB862 /* PBXTargetDependency */,
			);
			name = DeveloperTests;
			productName = DeveloperTests;
			productReference = 3BF2A41722410DC800CFB862 /* DeveloperTests.xctest */;
			productType = "com.apple.product-type.bundle.unit-test";
		};
		3BF2A42122410DC800CFB862 /* DeveloperUITests */ = {
			isa = PBXNativeTarget;
			buildConfigurationList = 3BF2A43122410DC800CFB862 /* Build configuration list for PBXNativeTarget "DeveloperUITests" */;
			buildPhases = (
				F3BC0C57500A8C841E3EC72D /* [CP] Check Pods Manifest.lock */,
				3BF2A41E22410DC800CFB862 /* Sources */,
				3BF2A41F22410DC800CFB862 /* Frameworks */,
				3BF2A42022410DC800CFB862 /* Resources */,
			);
			buildRules = (
			);
			dependencies = (
				3BF2A42422410DC800CFB862 /* PBXTargetDependency */,
			);
			name = DeveloperUITests;
			productName = DeveloperUITests;
			productReference = 3BF2A42222410DC800CFB862 /* DeveloperUITests.xctest */;
			productType = "com.apple.product-type.bundle.ui-testing";
		};
/* End PBXNativeTarget section */

/* Begin PBXProject section */
		3BF2A3FB22410DC200CFB862 /* Project object */ = {
			isa = PBXProject;
			attributes = {
				LastSwiftUpdateCheck = 1010;
				LastUpgradeCheck = 1010;
				ORGANIZATIONNAME = "Renato Rego";
				TargetAttributes = {
					3BF2A40222410DC200CFB862 = {
						CreatedOnToolsVersion = 10.1;
					};
					3BF2A41622410DC800CFB862 = {
						CreatedOnToolsVersion = 10.1;
						TestTargetID = 3BF2A40222410DC200CFB862;
					};
					3BF2A42122410DC800CFB862 = {
						CreatedOnToolsVersion = 10.1;
						TestTargetID = 3BF2A40222410DC200CFB862;
					};
				};
			};
			buildConfigurationList = 3BF2A3FE22410DC200CFB862 /* Build configuration list for PBXProject "Developer" */;
			compatibilityVersion = "Xcode 9.3";
			developmentRegion = en;
			hasScannedForEncodings = 0;
			knownRegions = (
				en,
				Base,
			);
			mainGroup = 3BF2A3FA22410DC200CFB862;
			productRefGroup = 3BF2A40422410DC200CFB862 /* Products */;
			projectDirPath = "";
			projectRoot = "";
			targets = (
				3BF2A40222410DC200CFB862 /* Developer */,
				3BF2A41622410DC800CFB862 /* DeveloperTests */,
				3BF2A42122410DC800CFB862 /* DeveloperUITests */,
			);
		};
/* End PBXProject section */

/* Begin PBXResourcesBuildPhase section */
		3BF2A40122410DC200CFB862 /* Resources */ = {
			isa = PBXResourcesBuildPhase;
			buildActionMask = 2147483647;
			files = (
				3BF2A41122410DC600CFB862 /* LaunchScreen.storyboard in Resources */,
				3BF2A40E22410DC600CFB862 /* Assets.xcassets in Resources */,
				3BF2A40C22410DC300CFB862 /* Main.storyboard in Resources */,
			);
			runOnlyForDeploymentPostprocessing = 0;
		};
		3BF2A41522410DC800CFB862 /* Resources */ = {
			isa = PBXResourcesBuildPhase;
			buildActionMask = 2147483647;
			files = (
			);
			runOnlyForDeploymentPostprocessing = 0;
		};
		3BF2A42022410DC800CFB862 /* Resources */ = {
			isa = PBXResourcesBuildPhase;
			buildActionMask = 2147483647;
			files = (
			);
			runOnlyForDeploymentPostprocessing = 0;
		};
/* End PBXResourcesBuildPhase section */

/* Begin PBXShellScriptBuildPhase section */
		19AD43A09A0625E4DA0ECF49 /* [CP] Check Pods Manifest.lock */ = {
			isa = PBXShellScriptBuildPhase;
			buildActionMask = 2147483647;
			files = (
			);
			inputFileListPaths = (
			);
			inputPaths = (
				"${PODS_PODFILE_DIR_PATH}/Podfile.lock",
				"${PODS_ROOT}/Manifest.lock",
			);
			name = "[CP] Check Pods Manifest.lock";
			outputFileListPaths = (
			);
			outputPaths = (
				"$(DERIVED_FILE_DIR)/Pods-DeveloperTests-checkManifestLockResult.txt",
			);
			runOnlyForDeploymentPostprocessing = 0;
			shellPath = /bin/sh;
			shellScript = "diff \"${PODS_PODFILE_DIR_PATH}/Podfile.lock\" \"${PODS_ROOT}/Manifest.lock\" > /dev/null\nif [ $? != 0 ] ; then\n    # print error to STDERR\n    echo \"error: The sandbox is not in sync with the Podfile.lock. Run 'pod install' or update your CocoaPods installation.\" >&2\n    exit 1\nfi\n# This output is used by Xcode 'outputs' to avoid re-running this script phase.\necho \"SUCCESS\" > \"${SCRIPT_OUTPUT_FILE_0}\"\n";
			showEnvVarsInLog = 0;
		};
		1A7FA0824A38410AD558062B /* [CP] Check Pods Manifest.lock */ = {
			isa = PBXShellScriptBuildPhase;
			buildActionMask = 2147483647;
			files = (
			);
			inputFileListPaths = (
			);
			inputPaths = (
				"${PODS_PODFILE_DIR_PATH}/Podfile.lock",
				"${PODS_ROOT}/Manifest.lock",
			);
			name = "[CP] Check Pods Manifest.lock";
			outputFileListPaths = (
			);
			outputPaths = (
				"$(DERIVED_FILE_DIR)/Pods-Developer-checkManifestLockResult.txt",
			);
			runOnlyForDeploymentPostprocessing = 0;
			shellPath = /bin/sh;
			shellScript = "diff \"${PODS_PODFILE_DIR_PATH}/Podfile.lock\" \"${PODS_ROOT}/Manifest.lock\" > /dev/null\nif [ $? != 0 ] ; then\n    # print error to STDERR\n    echo \"error: The sandbox is not in sync with the Podfile.lock. Run 'pod install' or update your CocoaPods installation.\" >&2\n    exit 1\nfi\n# This output is used by Xcode 'outputs' to avoid re-running this script phase.\necho \"SUCCESS\" > \"${SCRIPT_OUTPUT_FILE_0}\"\n";
			showEnvVarsInLog = 0;
		};
		40810387D056151D6EE911A4 /* [CP] Embed Pods Frameworks */ = {
			isa = PBXShellScriptBuildPhase;
			buildActionMask = 2147483647;
			files = (
			);
			inputFileListPaths = (
			);
			inputPaths = (
				"${PODS_ROOT}/Target Support Files/Pods-Developer/Pods-Developer-frameworks.sh",
				"${BUILT_PRODUCTS_DIR}/Alamofire/Alamofire.framework",
				"${BUILT_PRODUCTS_DIR}/RxAtomic/RxAtomic.framework",
				"${BUILT_PRODUCTS_DIR}/RxCocoa/RxCocoa.framework",
				"${BUILT_PRODUCTS_DIR}/RxSwift/RxSwift.framework",
				"${BUILT_PRODUCTS_DIR}/SwiftyJSON/SwiftyJSON.framework",
			);
			name = "[CP] Embed Pods Frameworks";
			outputFileListPaths = (
			);
			outputPaths = (
				"${TARGET_BUILD_DIR}/${FRAMEWORKS_FOLDER_PATH}/Alamofire.framework",
				"${TARGET_BUILD_DIR}/${FRAMEWORKS_FOLDER_PATH}/RxAtomic.framework",
				"${TARGET_BUILD_DIR}/${FRAMEWORKS_FOLDER_PATH}/RxCocoa.framework",
				"${TARGET_BUILD_DIR}/${FRAMEWORKS_FOLDER_PATH}/RxSwift.framework",
				"${TARGET_BUILD_DIR}/${FRAMEWORKS_FOLDER_PATH}/SwiftyJSON.framework",
			);
			runOnlyForDeploymentPostprocessing = 0;
			shellPath = /bin/sh;
			shellScript = "\"${PODS_ROOT}/Target Support Files/Pods-Developer/Pods-Developer-frameworks.sh\"\n";
			showEnvVarsInLog = 0;
		};
		F3BC0C57500A8C841E3EC72D /* [CP] Check Pods Manifest.lock */ = {
			isa = PBXShellScriptBuildPhase;
			buildActionMask = 2147483647;
			files = (
			);
			inputFileListPaths = (
			);
			inputPaths = (
				"${PODS_PODFILE_DIR_PATH}/Podfile.lock",
				"${PODS_ROOT}/Manifest.lock",
			);
			name = "[CP] Check Pods Manifest.lock";
			outputFileListPaths = (
			);
			outputPaths = (
				"$(DERIVED_FILE_DIR)/Pods-DeveloperUITests-checkManifestLockResult.txt",
			);
			runOnlyForDeploymentPostprocessing = 0;
			shellPath = /bin/sh;
			shellScript = "diff \"${PODS_PODFILE_DIR_PATH}/Podfile.lock\" \"${PODS_ROOT}/Manifest.lock\" > /dev/null\nif [ $? != 0 ] ; then\n    # print error to STDERR\n    echo \"error: The sandbox is not in sync with the Podfile.lock. Run 'pod install' or update your CocoaPods installation.\" >&2\n    exit 1\nfi\n# This output is used by Xcode 'outputs' to avoid re-running this script phase.\necho \"SUCCESS\" > \"${SCRIPT_OUTPUT_FILE_0}\"\n";
			showEnvVarsInLog = 0;
		};
/* End PBXShellScriptBuildPhase section */

/* Begin PBXSourcesBuildPhase section */
		3BF2A3FF22410DC200CFB862 /* Sources */ = {
			isa = PBXSourcesBuildPhase;
			buildActionMask = 2147483647;
			files = (
				3BF2A450224120AD00CFB862 /* LoginPresenter.swift in Sources */,
				3BF2A44C22411CCE00CFB862 /* DAO.swift in Sources */,
				3BF2A44822411A3300CFB862 /* UsuarioDao.swift in Sources */,
				3BF2A45722412F8800CFB862 /* Home.swift in Sources */,
				73BF9035227F4F5900B046DF /* ILoginPresenter.swift in Sources */,
				3BF2A4452241121F00CFB862 /* Login.swift in Sources */,
				3BF2A40922410DC300CFB862 /* ViewController.swift in Sources */,
				73D5682022877DE200435107 /* Usuario.swift in Sources */,
				73925D5222515F9700D269C1 /* ApiError.swift in Sources */,
				73925D5022515F2200D269C1 /* ApiRouter.swift in Sources */,
				3BF2A44E22411ED900CFB862 /* ILoginView.swift in Sources */,
				3BF2A4542241229400CFB862 /* LoginService.swift in Sources */,
				3BF2A4522241223500CFB862 /* ILoginService.swift in Sources */,
				731ED87F225AAE9D00EC3159 /* ServiceResponse.swift in Sources */,
				3BF2A40722410DC300CFB862 /* AppDelegate.swift in Sources */,
				73D5681F22877DE200435107 /* Post.swift in Sources */,
				73925D4E22515EDD00D269C1 /* Constants.swift in Sources */,
				73925D5422515FCA00D269C1 /* ApiClient.swift in Sources */,
			);
			runOnlyForDeploymentPostprocessing = 0;
		};
		3BF2A41322410DC800CFB862 /* Sources */ = {
			isa = PBXSourcesBuildPhase;
			buildActionMask = 2147483647;
			files = (
				3BF2A41C22410DC800CFB862 /* DeveloperTests.swift in Sources */,
			);
			runOnlyForDeploymentPostprocessing = 0;
		};
		3BF2A41E22410DC800CFB862 /* Sources */ = {
			isa = PBXSourcesBuildPhase;
			buildActionMask = 2147483647;
			files = (
				3BF2A42722410DC800CFB862 /* DeveloperUITests.swift in Sources */,
			);
			runOnlyForDeploymentPostprocessing = 0;
		};
/* End PBXSourcesBuildPhase section */

/* Begin PBXTargetDependency section */
		3BF2A41922410DC800CFB862 /* PBXTargetDependency */ = {
			isa = PBXTargetDependency;
			target = 3BF2A40222410DC200CFB862 /* Developer */;
			targetProxy = 3BF2A41822410DC800CFB862 /* PBXContainerItemProxy */;
		};
		3BF2A42422410DC800CFB862 /* PBXTargetDependency */ = {
			isa = PBXTargetDependency;
			target = 3BF2A40222410DC200CFB862 /* Developer */;
			targetProxy = 3BF2A42322410DC800CFB862 /* PBXContainerItemProxy */;
		};
/* End PBXTargetDependency section */

/* Begin PBXVariantGroup section */
		3BF2A40A22410DC300CFB862 /* Main.storyboard */ = {
			isa = PBXVariantGroup;
			children = (
				3BF2A40B22410DC300CFB862 /* Base */,
			);
			name = Main.storyboard;
			sourceTree = "<group>";
		};
		3BF2A40F22410DC600CFB862 /* LaunchScreen.storyboard */ = {
			isa = PBXVariantGroup;
			children = (
				3BF2A41022410DC600CFB862 /* Base */,
			);
			name = LaunchScreen.storyboard;
			sourceTree = "<group>";
		};
/* End PBXVariantGroup section */

/* Begin XCBuildConfiguration section */
		3BF2A42922410DC800CFB862 /* Debug */ = {
			isa = XCBuildConfiguration;
			buildSettings = {
				ALWAYS_SEARCH_USER_PATHS = NO;
				CLANG_ANALYZER_NONNULL = YES;
				CLANG_ANALYZER_NUMBER_OBJECT_CONVERSION = YES_AGGRESSIVE;
				CLANG_CXX_LANGUAGE_STANDARD = "gnu++14";
				CLANG_CXX_LIBRARY = "libc++";
				CLANG_ENABLE_MODULES = YES;
				CLANG_ENABLE_OBJC_ARC = YES;
				CLANG_ENABLE_OBJC_WEAK = YES;
				CLANG_WARN_BLOCK_CAPTURE_AUTORELEASING = YES;
				CLANG_WARN_BOOL_CONVERSION = YES;
				CLANG_WARN_COMMA = YES;
				CLANG_WARN_CONSTANT_CONVERSION = YES;
				CLANG_WARN_DEPRECATED_OBJC_IMPLEMENTATIONS = YES;
				CLANG_WARN_DIRECT_OBJC_ISA_USAGE = YES_ERROR;
				CLANG_WARN_DOCUMENTATION_COMMENTS = YES;
				CLANG_WARN_EMPTY_BODY = YES;
				CLANG_WARN_ENUM_CONVERSION = YES;
				CLANG_WARN_INFINITE_RECURSION = YES;
				CLANG_WARN_INT_CONVERSION = YES;
				CLANG_WARN_NON_LITERAL_NULL_CONVERSION = YES;
				CLANG_WARN_OBJC_IMPLICIT_RETAIN_SELF = YES;
				CLANG_WARN_OBJC_LITERAL_CONVERSION = YES;
				CLANG_WARN_OBJC_ROOT_CLASS = YES_ERROR;
				CLANG_WARN_RANGE_LOOP_ANALYSIS = YES;
				CLANG_WARN_STRICT_PROTOTYPES = YES;
				CLANG_WARN_SUSPICIOUS_MOVE = YES;
				CLANG_WARN_UNGUARDED_AVAILABILITY = YES_AGGRESSIVE;
				CLANG_WARN_UNREACHABLE_CODE = YES;
				CLANG_WARN__DUPLICATE_METHOD_MATCH = YES;
				CODE_SIGN_IDENTITY = "iPhone Developer";
				COPY_PHASE_STRIP = NO;
				DEBUG_INFORMATION_FORMAT = dwarf;
				ENABLE_STRICT_OBJC_MSGSEND = YES;
				ENABLE_TESTABILITY = YES;
				GCC_C_LANGUAGE_STANDARD = gnu11;
				GCC_DYNAMIC_NO_PIC = NO;
				GCC_NO_COMMON_BLOCKS = YES;
				GCC_OPTIMIZATION_LEVEL = 0;
				GCC_PREPROCESSOR_DEFINITIONS = (
					"DEBUG=1",
					"$(inherited)",
				);
				GCC_WARN_64_TO_32_BIT_CONVERSION = YES;
				GCC_WARN_ABOUT_RETURN_TYPE = YES_ERROR;
				GCC_WARN_UNDECLARED_SELECTOR = YES;
				GCC_WARN_UNINITIALIZED_AUTOS = YES_AGGRESSIVE;
				GCC_WARN_UNUSED_FUNCTION = YES;
				GCC_WARN_UNUSED_VARIABLE = YES;
				IPHONEOS_DEPLOYMENT_TARGET = 12.1;
				MTL_ENABLE_DEBUG_INFO = INCLUDE_SOURCE;
				MTL_FAST_MATH = YES;
				ONLY_ACTIVE_ARCH = YES;
				SDKROOT = iphoneos;
				SWIFT_ACTIVE_COMPILATION_CONDITIONS = DEBUG;
				SWIFT_OPTIMIZATION_LEVEL = "-Onone";
			};
			name = Debug;
		};
		3BF2A42A22410DC800CFB862 /* Release */ = {
			isa = XCBuildConfiguration;
			buildSettings = {
				ALWAYS_SEARCH_USER_PATHS = NO;
				CLANG_ANALYZER_NONNULL = YES;
				CLANG_ANALYZER_NUMBER_OBJECT_CONVERSION = YES_AGGRESSIVE;
				CLANG_CXX_LANGUAGE_STANDARD = "gnu++14";
				CLANG_CXX_LIBRARY = "libc++";
				CLANG_ENABLE_MODULES = YES;
				CLANG_ENABLE_OBJC_ARC = YES;
				CLANG_ENABLE_OBJC_WEAK = YES;
				CLANG_WARN_BLOCK_CAPTURE_AUTORELEASING = YES;
				CLANG_WARN_BOOL_CONVERSION = YES;
				CLANG_WARN_COMMA = YES;
				CLANG_WARN_CONSTANT_CONVERSION = YES;
				CLANG_WARN_DEPRECATED_OBJC_IMPLEMENTATIONS = YES;
				CLANG_WARN_DIRECT_OBJC_ISA_USAGE = YES_ERROR;
				CLANG_WARN_DOCUMENTATION_COMMENTS = YES;
				CLANG_WARN_EMPTY_BODY = YES;
				CLANG_WARN_ENUM_CONVERSION = YES;
				CLANG_WARN_INFINITE_RECURSION = YES;
				CLANG_WARN_INT_CONVERSION = YES;
				CLANG_WARN_NON_LITERAL_NULL_CONVERSION = YES;
				CLANG_WARN_OBJC_IMPLICIT_RETAIN_SELF = YES;
				CLANG_WARN_OBJC_LITERAL_CONVERSION = YES;
				CLANG_WARN_OBJC_ROOT_CLASS = YES_ERROR;
				CLANG_WARN_RANGE_LOOP_ANALYSIS = YES;
				CLANG_WARN_STRICT_PROTOTYPES = YES;
				CLANG_WARN_SUSPICIOUS_MOVE = YES;
				CLANG_WARN_UNGUARDED_AVAILABILITY = YES_AGGRESSIVE;
				CLANG_WARN_UNREACHABLE_CODE = YES;
				CLANG_WARN__DUPLICATE_METHOD_MATCH = YES;
				CODE_SIGN_IDENTITY = "iPhone Developer";
				COPY_PHASE_STRIP = NO;
				DEBUG_INFORMATION_FORMAT = "dwarf-with-dsym";
				ENABLE_NS_ASSERTIONS = NO;
				ENABLE_STRICT_OBJC_MSGSEND = YES;
				GCC_C_LANGUAGE_STANDARD = gnu11;
				GCC_NO_COMMON_BLOCKS = YES;
				GCC_WARN_64_TO_32_BIT_CONVERSION = YES;
				GCC_WARN_ABOUT_RETURN_TYPE = YES_ERROR;
				GCC_WARN_UNDECLARED_SELECTOR = YES;
				GCC_WARN_UNINITIALIZED_AUTOS = YES_AGGRESSIVE;
				GCC_WARN_UNUSED_FUNCTION = YES;
				GCC_WARN_UNUSED_VARIABLE = YES;
				IPHONEOS_DEPLOYMENT_TARGET = 12.1;
				MTL_ENABLE_DEBUG_INFO = NO;
				MTL_FAST_MATH = YES;
				SDKROOT = iphoneos;
				SWIFT_COMPILATION_MODE = wholemodule;
				SWIFT_OPTIMIZATION_LEVEL = "-O";
				VALIDATE_PRODUCT = YES;
			};
			name = Release;
		};
		3BF2A42C22410DC800CFB862 /* Debug */ = {
			isa = XCBuildConfiguration;
			baseConfigurationReference = 53533574F8725D074178B3ED /* Pods-Developer.debug.xcconfig */;
			buildSettings = {
				ASSETCATALOG_COMPILER_APPICON_NAME = AppIcon;
				CODE_SIGN_STYLE = Automatic;
				DEVELOPMENT_TEAM = 2943DQ3A9Q;
				INFOPLIST_FILE = Developer/Info.plist;
				LD_RUNPATH_SEARCH_PATHS = (
					"$(inherited)",
					"@executable_path/Frameworks",
				);
				PRODUCT_BUNDLE_IDENTIFIER = developer.renato.Developer;
				PRODUCT_NAME = "$(TARGET_NAME)";
				SWIFT_VERSION = 4.2;
				TARGETED_DEVICE_FAMILY = "1,2";
			};
			name = Debug;
		};
		3BF2A42D22410DC800CFB862 /* Release */ = {
			isa = XCBuildConfiguration;
			baseConfigurationReference = 9637A7B017AA689C1DC27329 /* Pods-Developer.release.xcconfig */;
			buildSettings = {
				ASSETCATALOG_COMPILER_APPICON_NAME = AppIcon;
				CODE_SIGN_STYLE = Automatic;
				DEVELOPMENT_TEAM = 2943DQ3A9Q;
				INFOPLIST_FILE = Developer/Info.plist;
				LD_RUNPATH_SEARCH_PATHS = (
					"$(inherited)",
					"@executable_path/Frameworks",
				);
				PRODUCT_BUNDLE_IDENTIFIER = developer.renato.Developer;
				PRODUCT_NAME = "$(TARGET_NAME)";
				SWIFT_VERSION = 4.2;
				TARGETED_DEVICE_FAMILY = "1,2";
			};
			name = Release;
		};
		3BF2A42F22410DC800CFB862 /* Debug */ = {
			isa = XCBuildConfiguration;
			baseConfigurationReference = 18976161562C6024A0BD0191 /* Pods-DeveloperTests.debug.xcconfig */;
			buildSettings = {
				ALWAYS_EMBED_SWIFT_STANDARD_LIBRARIES = YES;
				BUNDLE_LOADER = "$(TEST_HOST)";
				CODE_SIGN_STYLE = Automatic;
				DEVELOPMENT_TEAM = 2943DQ3A9Q;
				INFOPLIST_FILE = DeveloperTests/Info.plist;
				LD_RUNPATH_SEARCH_PATHS = (
					"$(inherited)",
					"@executable_path/Frameworks",
					"@loader_path/Frameworks",
				);
				PRODUCT_BUNDLE_IDENTIFIER = developer.renato.DeveloperTests;
				PRODUCT_NAME = "$(TARGET_NAME)";
				SWIFT_VERSION = 4.2;
				TARGETED_DEVICE_FAMILY = "1,2";
				TEST_HOST = "$(BUILT_PRODUCTS_DIR)/Developer.app/Developer";
			};
			name = Debug;
		};
		3BF2A43022410DC800CFB862 /* Release */ = {
			isa = XCBuildConfiguration;
			baseConfigurationReference = 6C94416659F2A1BAD830FE6D /* Pods-DeveloperTests.release.xcconfig */;
			buildSettings = {
				ALWAYS_EMBED_SWIFT_STANDARD_LIBRARIES = YES;
				BUNDLE_LOADER = "$(TEST_HOST)";
				CODE_SIGN_STYLE = Automatic;
				DEVELOPMENT_TEAM = 2943DQ3A9Q;
				INFOPLIST_FILE = DeveloperTests/Info.plist;
				LD_RUNPATH_SEARCH_PATHS = (
					"$(inherited)",
					"@executable_path/Frameworks",
					"@loader_path/Frameworks",
				);
				PRODUCT_BUNDLE_IDENTIFIER = developer.renato.DeveloperTests;
				PRODUCT_NAME = "$(TARGET_NAME)";
				SWIFT_VERSION = 4.2;
				TARGETED_DEVICE_FAMILY = "1,2";
				TEST_HOST = "$(BUILT_PRODUCTS_DIR)/Developer.app/Developer";
			};
			name = Release;
		};
		3BF2A43222410DC800CFB862 /* Debug */ = {
			isa = XCBuildConfiguration;
			baseConfigurationReference = A09191DD0BC99F06FD23F310 /* Pods-DeveloperUITests.debug.xcconfig */;
			buildSettings = {
				ALWAYS_EMBED_SWIFT_STANDARD_LIBRARIES = YES;
				CODE_SIGN_STYLE = Automatic;
				DEVELOPMENT_TEAM = 2943DQ3A9Q;
				INFOPLIST_FILE = DeveloperUITests/Info.plist;
				LD_RUNPATH_SEARCH_PATHS = (
					"$(inherited)",
					"@executable_path/Frameworks",
					"@loader_path/Frameworks",
				);
				PRODUCT_BUNDLE_IDENTIFIER = developer.renato.DeveloperUITests;
				PRODUCT_NAME = "$(TARGET_NAME)";
				SWIFT_VERSION = 4.2;
				TARGETED_DEVICE_FAMILY = "1,2";
				TEST_TARGET_NAME = Developer;
			};
			name = Debug;
		};
		3BF2A43322410DC800CFB862 /* Release */ = {
			isa = XCBuildConfiguration;
			baseConfigurationReference = 01C862AED483BBFF30711FA1 /* Pods-DeveloperUITests.release.xcconfig */;
			buildSettings = {
				ALWAYS_EMBED_SWIFT_STANDARD_LIBRARIES = YES;
				CODE_SIGN_STYLE = Automatic;
				DEVELOPMENT_TEAM = 2943DQ3A9Q;
				INFOPLIST_FILE = DeveloperUITests/Info.plist;
				LD_RUNPATH_SEARCH_PATHS = (
					"$(inherited)",
					"@executable_path/Frameworks",
					"@loader_path/Frameworks",
				);
				PRODUCT_BUNDLE_IDENTIFIER = developer.renato.DeveloperUITests;
				PRODUCT_NAME = "$(TARGET_NAME)";
				SWIFT_VERSION = 4.2;
				TARGETED_DEVICE_FAMILY = "1,2";
				TEST_TARGET_NAME = Developer;
			};
			name = Release;
		};
/* End XCBuildConfiguration section */

/* Begin XCConfigurationList section */
		3BF2A3FE22410DC200CFB862 /* Build configuration list for PBXProject "Developer" */ = {
			isa = XCConfigurationList;
			buildConfigurations = (
				3BF2A42922410DC800CFB862 /* Debug */,
				3BF2A42A22410DC800CFB862 /* Release */,
			);
			defaultConfigurationIsVisible = 0;
			defaultConfigurationName = Release;
		};
		3BF2A42B22410DC800CFB862 /* Build configuration list for PBXNativeTarget "Developer" */ = {
			isa = XCConfigurationList;
			buildConfigurations = (
				3BF2A42C22410DC800CFB862 /* Debug */,
				3BF2A42D22410DC800CFB862 /* Release */,
			);
			defaultConfigurationIsVisible = 0;
			defaultConfigurationName = Release;
		};
		3BF2A42E22410DC800CFB862 /* Build configuration list for PBXNativeTarget "DeveloperTests" */ = {
			isa = XCConfigurationList;
			buildConfigurations = (
				3BF2A42F22410DC800CFB862 /* Debug */,
				3BF2A43022410DC800CFB862 /* Release */,
			);
			defaultConfigurationIsVisible = 0;
			defaultConfigurationName = Release;
		};
		3BF2A43122410DC800CFB862 /* Build configuration list for PBXNativeTarget "DeveloperUITests" */ = {
			isa = XCConfigurationList;
			buildConfigurations = (
				3BF2A43222410DC800CFB862 /* Debug */,
				3BF2A43322410DC800CFB862 /* Release */,
			);
			defaultConfigurationIsVisible = 0;
			defaultConfigurationName = Release;
		};
/* End XCConfigurationList section */
	};
	rootObject = 3BF2A3FB22410DC200CFB862 /* Project object */;
}
